
Microsoft Visual Studio Solution File, Format Version 12.00
# Visual Studio 14
VisualStudioVersion = 14.0.25123.0
MinimumVisualStudioVersion = 10.0.40219.1
Project("{FAE04EC0-301F-11D3-BF4B-00C04F79EFBC}") = "uTestCS", "uTestCS\uTestCS.csproj", "{86A517D7-C03D-4771-990D-086A621CAC54}"
EndProject
Project("{FAE04EC0-301F-11D3-BF4B-00C04F79EFBC}") = "Tests", "Tests\Tests.csproj", "{5ECFBFB8-B724-40EC-88EA-7819587F2997}"
EndProject
Global
	GlobalSection(SolutionConfigurationPlatforms) = preSolution
		Debug|Any CPU = Debug|Any CPU
		Release|Any CPU = Release|Any CPU
	EndGlobalSection
	GlobalSection(ProjectConfigurationPlatforms) = postSolution
		{86A517D7-C03D-4771-990D-086A621CAC54}.Debug|Any CPU.ActiveCfg = Debug|Any CPU
		{86A517D7-C03D-4771-990D-086A621CAC54}.Debug|Any CPU.Build.0 = Debug|Any CPU
		{86A517D7-C03D-4771-990D-086A621CAC54}.Release|Any CPU.ActiveCfg = Release|Any CPU
		{86A517D7-C03D-4771-990D-086A621CAC54}.Release|Any CPU.Build.0 = Release|Any CPU
		{5ECFBFB8-B724-40EC-88EA-7819587F2997}.Debug|Any CPU.ActiveCfg = Debug|Any CPU
		{5ECFBFB8-B724-40EC-88EA-7819587F2997}.Debug|Any CPU.Build.0 = Debug|Any CPU
		{5ECFBFB8-B724-40EC-88EA-7819587F2997}.Release|Any CPU.ActiveCfg = Release|Any CPU
		{5ECFBFB8-B724-40EC-88EA-7819587F2997}.Release|Any CPU.Build.0 = Release|Any CPU
	EndGlobalSection
	GlobalSection(SolutionProperties) = preSolution
		HideSolutionNode = FALSE
	EndGlobalSection
EndGlobal
